{
  "name": "iriguchi-example-weather",
  "version": "0.1.0",
  "lockfileVersion": 3,
  "requires": true,
  "packages": {
    "": {
      "name": "iriguchi-example-weather",
      "version": "0.1.0",
      "dependencies": {
        "@hono/node-server": "^1.13.0",
        "hono": "^4.0.0"
      }
    },
    "node_modules/@hono/node-server": {
      "version": "1.19.15",
      "resolved": "https://registry.npmjs.org/@hono/node-server/-/node-server-1.19.15.tgz",
      "integrity": "sha512-Za2ai6TLdKjUvnur+eenO6nuYYipVAEhyCAdaV8IRvmU9kK8crOZUSYvIXn72E4f8fJqyAbpcJuTsYYmZp9Deg==",
      "license": "MIT",
      "engines": {
        "node": ">=18.14.1"
      },
      "peerDependencies": {
        "hono": "^4"
      }
    },
    "node_modules/hono": {
      "version": "4.12.25",
      "license": "MIT",
      "engines": {
        "node": ">=16.9.0"
      }
    }
  }
}
