{
  "name": "iriguchi-example-weather",
  "version": "0.1.0",
  "lockfileVersion": 3,
  "requires": true,
  "packages": {
    "": {
      "name": "iriguchi-example-weather",
      "version": "0.1.0",
      "dependencies": {
        "@hono/node-server": "^2.1.1",
        "@iriguchi/chat-ui": "file:../../packages/chat-ui",
        "hono": "^4.13.8"
      }
    },
    "../../packages/chat-ui": {
      "name": "@iriguchi/chat-ui",
      "version": "0.2.0",
      "license": "MIT",
      "devDependencies": {
        "@testing-library/react": "^16.3.3",
        "@types/node": "^26.6.2",
        "@types/react": "^19.3.0",
        "happy-dom": "^20.14.5",
        "react": "^19.3.0",
        "react-dom": "^19.3.0",
        "typescript": "^7.0.2",
        "vitest": "^5.0.1"
      },
      "engines": {
        "node": ">=20"
      },
      "peerDependencies": {
        "react": ">=18"
      },
      "peerDependenciesMeta": {
        "react": {
          "optional": true
        }
      }
    },
    "node_modules/@hono/node-server": {
      "version": "2.1.1",
      "resolved": "https://registry.npmjs.org/@hono/node-server/-/node-server-2.1.1.tgz",
      "integrity": "sha512-ELuehkj5VCBdgEw9zs+ivkKwyzzUCSQuE96YmiPvn1ECBoZCczbFXJLeEGMTYjphP6gydh4pHMqEYPVMYUVgQg==",
      "license": "MIT",
      "engines": {
        "node": ">=20"
      },
      "peerDependencies": {
        "hono": "^4"
      }
    },
    "node_modules/@iriguchi/chat-ui": {
      "resolved": "../../packages/chat-ui",
      "link": true
    },
    "node_modules/hono": {
      "version": "4.13.8",
      "resolved": "https://registry.npmjs.org/hono/-/hono-4.13.8.tgz",
      "integrity": "sha512-/Gng7NfoykZl2pjukW5Z6+8Yxm3BPRf86GTbQnt0SbySkvax4fyL4H3HhY1cCpBGmiW9XDRFzRV+CXK2W8QudQ==",
      "license": "MIT",
      "engines": {
        "node": ">=16.9.0"
      }
    }
  }
}
